// !$*UTF8*$!
{
	archiveVersion = 1;
	classes = {
	};
	objectVersion = 46;
	objects = {

/* Begin PBXBuildFile section */
		05F78B720FF81F4A8033BF80 /* Pods_copycat.framework in Frameworks */ = {isa = PBXBuildFile; fileRef = 89E32EF19549BB6CD8D5CEF3 /* Pods_copycat.framework */; };
		D935A1941EE5E83C005DA24A /* LoginViewController.swift in Sources */ = {isa = PBXBuildFile; fileRef = D935A1931EE5E83C005DA24A /* LoginViewController.swift */; };
		D935A1961EE5EC5D005DA24A /* Main.storyboard in Resources */ = {isa = PBXBuildFile; fileRef = D935A1951EE5EC5D005DA24A /* Main.storyboard */; };
		D935A19A1EE625C4005DA24A /* GoogleService-Info.plist in Resources */ = {isa = PBXBuildFile; fileRef = D935A1991EE625C4005DA24A /* GoogleService-Info.plist */; };
		D93C20BC1EE662AE0039F303 /* CopyCatViewController.swift in Sources */ = {isa = PBXBuildFile; fileRef = D93C20BB1EE662AE0039F303 /* CopyCatViewController.swift */; };
		D93C20C01EE76F4B0039F303 /* FirebaseModel.swift in Sources */ = {isa = PBXBuildFile; fileRef = D93C20BF1EE76F4B0039F303 /* FirebaseModel.swift */; };
		D96108321EE78F030066EABD /* ImagesCollectionViewController.swift in Sources */ = {isa = PBXBuildFile; fileRef = D96108311EE78F030066EABD /* ImagesCollectionViewController.swift */; };
		D96108341EE87B370066EABD /* FirebaseViewModel.swift in Sources */ = {isa = PBXBuildFile; fileRef = D96108331EE87B370066EABD /* FirebaseViewModel.swift */; };
		D9E70A8A1EE1BD4C00710F0F /* AppDelegate.swift in Sources */ = {isa = PBXBuildFile; fileRef = D9E70A891EE1BD4C00710F0F /* AppDelegate.swift */; };
		D9E70A911EE1BD4D00710F0F /* Assets.xcassets in Resources */ = {isa = PBXBuildFile; fileRef = D9E70A901EE1BD4D00710F0F /* Assets.xcassets */; };
		D9E70A941EE1BD4D00710F0F /* LaunchScreen.storyboard in Resources */ = {isa = PBXBuildFile; fileRef = D9E70A921EE1BD4D00710F0F /* LaunchScreen.storyboard */; };
		D9E70A9F1EE1BD4D00710F0F /* copycatTests.swift in Sources */ = {isa = PBXBuildFile; fileRef = D9E70A9E1EE1BD4D00710F0F /* copycatTests.swift */; };
		D9E70AAA1EE1BD4D00710F0F /* copycatUITests.swift in Sources */ = {isa = PBXBuildFile; fileRef = D9E70AA91EE1BD4D00710F0F /* copycatUITests.swift */; };
		D9E70AB81EE1E0B800710F0F /* LoadImageViewController.swift in Sources */ = {isa = PBXBuildFile; fileRef = D9E70AB71EE1E0B800710F0F /* LoadImageViewController.swift */; };
/* End PBXBuildFile section */

/* Begin PBXContainerItemProxy section */
		D9E70A9B1EE1BD4D00710F0F /* PBXContainerItemProxy */ = {
			isa = PBXContainerItemProxy;
			containerPortal = D9E70A7E1EE1BD4C00710F0F /* Project object */;
			proxyType = 1;
			remoteGlobalIDString = D9E70A851EE1BD4C00710F0F;
			remoteInfo = copycat;
		};
		D9E70AA61EE1BD4D00710F0F /* PBXContainerItemProxy */ = {
			isa = PBXContainerItemProxy;
			containerPortal = D9E70A7E1EE1BD4C00710F0F /* Project object */;
			proxyType = 1;
			remoteGlobalIDString = D9E70A851EE1BD4C00710F0F;
			remoteInfo = copycat;
		};
/* End PBXContainerItemProxy section */

/* Begin PBXFileReference section */
		4C8FE24DC4B36A1E4C0E1E15 /* Pods-copycat.debug.xcconfig */ = {isa = PBXFileReference; includeInIndex = 1; lastKnownFileType = text.xcconfig; name = "Pods-copycat.debug.xcconfig"; path = "Pods/Target Support Files/Pods-copycat/Pods-copycat.debug.xcconfig"; sourceTree = "<group>"; };
		89E32EF19549BB6CD8D5CEF3 /* Pods_copycat.framework */ = {isa = PBXFileReference; explicitFileType = wrapper.framework; includeInIndex = 0; path = Pods_copycat.framework; sourceTree = BUILT_PRODUCTS_DIR; };
		D935A1931EE5E83C005DA24A /* LoginViewController.swift */ = {isa = PBXFileReference; fileEncoding = 4; lastKnownFileType = sourcecode.swift; path = LoginViewController.swift; sourceTree = "<group>"; };
		D935A1951EE5EC5D005DA24A /* Main.storyboard */ = {isa = PBXFileReference; fileEncoding = 4; lastKnownFileType = file.storyboard; path = Main.storyboard; sourceTree = "<group>"; };
		D935A1991EE625C4005DA24A /* GoogleService-Info.plist */ = {isa = PBXFileReference; fileEncoding = 4; lastKnownFileType = text.plist.xml; path = "GoogleService-Info.plist"; sourceTree = "<group>"; };
		D93C20BB1EE662AE0039F303 /* CopyCatViewController.swift */ = {isa = PBXFileReference; fileEncoding = 4; lastKnownFileType = sourcecode.swift; path = CopyCatViewController.swift; sourceTree = "<group>"; };
		D93C20BF1EE76F4B0039F303 /* FirebaseModel.swift */ = {isa = PBXFileReference; fileEncoding = 4; lastKnownFileType = sourcecode.swift; path = FirebaseModel.swift; sourceTree = "<group>"; };
		D96108311EE78F030066EABD /* ImagesCollectionViewController.swift */ = {isa = PBXFileReference; fileEncoding = 4; lastKnownFileType = sourcecode.swift; path = ImagesCollectionViewController.swift; sourceTree = "<group>"; };
		D96108331EE87B370066EABD /* FirebaseViewModel.swift */ = {isa = PBXFileReference; fileEncoding = 4; lastKnownFileType = sourcecode.swift; path = FirebaseViewModel.swift; sourceTree = "<group>"; };
		D9E70A861EE1BD4C00710F0F /* copycat.app */ = {isa = PBXFileReference; explicitFileType = wrapper.application; includeInIndex = 0; path = copycat.app; sourceTree = BUILT_PRODUCTS_DIR; };
		D9E70A891EE1BD4C00710F0F /* AppDelegate.swift */ = {isa = PBXFileReference; lastKnownFileType = sourcecode.swift; path = AppDelegate.swift; sourceTree = "<group>"; };
		D9E70A901EE1BD4D00710F0F /* Assets.xcassets */ = {isa = PBXFileReference; lastKnownFileType = folder.assetcatalog; path = Assets.xcassets; sourceTree = "<group>"; };
		D9E70A931EE1BD4D00710F0F /* Base */ = {isa = PBXFileReference; lastKnownFileType = file.storyboard; name = Base; path = Base.lproj/LaunchScreen.storyboard; sourceTree = "<group>"; };
		D9E70A951EE1BD4D00710F0F /* Info.plist */ = {isa = PBXFileReference; lastKnownFileType = text.plist.xml; path = Info.plist; sourceTree = "<group>"; };
		D9E70A9A1EE1BD4D00710F0F /* copycatTests.xctest */ = {isa = PBXFileReference; explicitFileType = wrapper.cfbundle; includeInIndex = 0; path = copycatTests.xctest; sourceTree = BUILT_PRODUCTS_DIR; };
		D9E70A9E1EE1BD4D00710F0F /* copycatTests.swift */ = {isa = PBXFileReference; lastKnownFileType = sourcecode.swift; path = copycatTests.swift; sourceTree = "<group>"; };
		D9E70AA01EE1BD4D00710F0F /* Info.plist */ = {isa = PBXFileReference; lastKnownFileType = text.plist.xml; path = Info.plist; sourceTree = "<group>"; };
		D9E70AA51EE1BD4D00710F0F /* copycatUITests.xctest */ = {isa = PBXFileReference; explicitFileType = wrapper.cfbundle; includeInIndex = 0; path = copycatUITests.xctest; sourceTree = BUILT_PRODUCTS_DIR; };
		D9E70AA91EE1BD4D00710F0F /* copycatUITests.swift */ = {isa = PBXFileReference; lastKnownFileType = sourcecode.swift; path = copycatUITests.swift; sourceTree = "<group>"; };
		D9E70AAB1EE1BD4D00710F0F /* Info.plist */ = {isa = PBXFileReference; lastKnownFileType = text.plist.xml; path = Info.plist; sourceTree = "<group>"; };
		D9E70AB71EE1E0B800710F0F /* LoadImageViewController.swift */ = {isa = PBXFileReference; fileEncoding = 4; lastKnownFileType = sourcecode.swift; path = LoadImageViewController.swift; sourceTree = "<group>"; };
		DFD682778199792E40182BEC /* Pods-copycat.release.xcconfig */ = {isa = PBXFileReference; includeInIndex = 1; lastKnownFileType = text.xcconfig; name = "Pods-copycat.release.xcconfig"; path = "Pods/Target Support Files/Pods-copycat/Pods-copycat.release.xcconfig"; sourceTree = "<group>"; };
/* End PBXFileReference section */

/* Begin PBXFrameworksBuildPhase section */
		D9E70A831EE1BD4C00710F0F /* Frameworks */ = {
			isa = PBXFrameworksBuildPhase;
			buildActionMask = 2147483647;
			files = (
				05F78B720FF81F4A8033BF80 /* Pods_copycat.framework in Frameworks */,
			);
			runOnlyForDeploymentPostprocessing = 0;
		};
		D9E70A971EE1BD4D00710F0F /* Frameworks */ = {
			isa = PBXFrameworksBuildPhase;
			buildActionMask = 2147483647;
			files = (
			);
			runOnlyForDeploymentPostprocessing = 0;
		};
		D9E70AA21EE1BD4D00710F0F /* Frameworks */ = {
			isa = PBXFrameworksBuildPhase;
			buildActionMask = 2147483647;
			files = (
			);
			runOnlyForDeploymentPostprocessing = 0;
		};
/* End PBXFrameworksBuildPhase section */

/* Begin PBXGroup section */
		2C0292D80E9E2D1E707E316C /* Frameworks */ = {
			isa = PBXGroup;
			children = (
				89E32EF19549BB6CD8D5CEF3 /* Pods_copycat.framework */,
			);
			name = Frameworks;
			sourceTree = "<group>";
		};
		75897304C9BE224C414D2A16 /* Pods */ = {
			isa = PBXGroup;
			children = (
				4C8FE24DC4B36A1E4C0E1E15 /* Pods-copycat.debug.xcconfig */,
				DFD682778199792E40182BEC /* Pods-copycat.release.xcconfig */,
			);
			name = Pods;
			sourceTree = "<group>";
		};
		D9E70A7D1EE1BD4C00710F0F = {
			isa = PBXGroup;
			children = (
				D9E70A881EE1BD4C00710F0F /* copycat */,
				D9E70A9D1EE1BD4D00710F0F /* copycatTests */,
				D9E70AA81EE1BD4D00710F0F /* copycatUITests */,
				D9E70A871EE1BD4C00710F0F /* Products */,
				75897304C9BE224C414D2A16 /* Pods */,
				2C0292D80E9E2D1E707E316C /* Frameworks */,
			);
			sourceTree = "<group>";
		};
		D9E70A871EE1BD4C00710F0F /* Products */ = {
			isa = PBXGroup;
			children = (
				D9E70A861EE1BD4C00710F0F /* copycat.app */,
				D9E70A9A1EE1BD4D00710F0F /* copycatTests.xctest */,
				D9E70AA51EE1BD4D00710F0F /* copycatUITests.xctest */,
			);
			name = Products;
			sourceTree = "<group>";
		};
		D9E70A881EE1BD4C00710F0F /* copycat */ = {
			isa = PBXGroup;
			children = (
				D9E70ABD1EE5D5B900710F0F /* Model */,
				D9E70ABA1EE1E0E600710F0F /* Storyboards */,
				D9E70AB91EE1E0C500710F0F /* ViewControllers */,
				D9E70A901EE1BD4D00710F0F /* Assets.xcassets */,
				D9E70A951EE1BD4D00710F0F /* Info.plist */,
				D935A1991EE625C4005DA24A /* GoogleService-Info.plist */,
			);
			path = copycat;
			sourceTree = "<group>";
		};
		D9E70A9D1EE1BD4D00710F0F /* copycatTests */ = {
			isa = PBXGroup;
			children = (
				D9E70A9E1EE1BD4D00710F0F /* copycatTests.swift */,
				D9E70AA01EE1BD4D00710F0F /* Info.plist */,
			);
			path = copycatTests;
			sourceTree = "<group>";
		};
		D9E70AA81EE1BD4D00710F0F /* copycatUITests */ = {
			isa = PBXGroup;
			children = (
				D9E70AA91EE1BD4D00710F0F /* copycatUITests.swift */,
				D9E70AAB1EE1BD4D00710F0F /* Info.plist */,
			);
			path = copycatUITests;
			sourceTree = "<group>";
		};
		D9E70AB91EE1E0C500710F0F /* ViewControllers */ = {
			isa = PBXGroup;
			children = (
				D93C20BB1EE662AE0039F303 /* CopyCatViewController.swift */,
				D935A1931EE5E83C005DA24A /* LoginViewController.swift */,
				D9E70AB71EE1E0B800710F0F /* LoadImageViewController.swift */,
				D96108311EE78F030066EABD /* ImagesCollectionViewController.swift */,
			);
			name = ViewControllers;
			sourceTree = "<group>";
		};
		D9E70ABA1EE1E0E600710F0F /* Storyboards */ = {
			isa = PBXGroup;
			children = (
				D9E70A921EE1BD4D00710F0F /* LaunchScreen.storyboard */,
				D935A1951EE5EC5D005DA24A /* Main.storyboard */,
			);
			name = Storyboards;
			sourceTree = "<group>";
		};
		D9E70ABD1EE5D5B900710F0F /* Model */ = {
			isa = PBXGroup;
			children = (
				D9E70A891EE1BD4C00710F0F /* AppDelegate.swift */,
				D93C20BF1EE76F4B0039F303 /* FirebaseModel.swift */,
				D96108331EE87B370066EABD /* FirebaseViewModel.swift */,
			);
			name = Model;
			sourceTree = "<group>";
		};
/* End PBXGroup section */

/* Begin PBXNativeTarget section */
		D9E70A851EE1BD4C00710F0F /* copycat */ = {
			isa = PBXNativeTarget;
			buildConfigurationList = D9E70AAE1EE1BD4D00710F0F /* Build configuration list for PBXNativeTarget "copycat" */;
			buildPhases = (
				93D985634DE4A431F8D24C0E /* [CP] Check Pods Manifest.lock */,
				D9E70A821EE1BD4C00710F0F /* Sources */,
				D9E70A831EE1BD4C00710F0F /* Frameworks */,
				D9E70A841EE1BD4C00710F0F /* Resources */,
				4D893031FEB2E8CD0B7C5E3B /* [CP] Embed Pods Frameworks */,
				BD229916567CEA61413B3A50 /* [CP] Copy Pods Resources */,
				D935A1921EE5DE0C005DA24A /* ShellScript */,
			);
			buildRules = (
			);
			dependencies = (
			);
			name = copycat;
			productName = copycat;
			productReference = D9E70A861EE1BD4C00710F0F /* copycat.app */;
			productType = "com.apple.product-type.application";
		};
		D9E70A991EE1BD4D00710F0F /* copycatTests */ = {
			isa = PBXNativeTarget;
			buildConfigurationList = D9E70AB11EE1BD4D00710F0F /* Build configuration list for PBXNativeTarget "copycatTests" */;
			buildPhases = (
				D9E70A961EE1BD4D00710F0F /* Sources */,
				D9E70A971EE1BD4D00710F0F /* Frameworks */,
				D9E70A981EE1BD4D00710F0F /* Resources */,
			);
			buildRules = (
			);
			dependencies = (
				D9E70A9C1EE1BD4D00710F0F /* PBXTargetDependency */,
			);
			name = copycatTests;
			productName = copycatTests;
			productReference = D9E70A9A1EE1BD4D00710F0F /* copycatTests.xctest */;
			productType = "com.apple.product-type.bundle.unit-test";
		};
		D9E70AA41EE1BD4D00710F0F /* copycatUITests */ = {
			isa = PBXNativeTarget;
			buildConfigurationList = D9E70AB41EE1BD4D00710F0F /* Build configuration list for PBXNativeTarget "copycatUITests" */;
			buildPhases = (
				D9E70AA11EE1BD4D00710F0F /* Sources */,
				D9E70AA21EE1BD4D00710F0F /* Frameworks */,
				D9E70AA31EE1BD4D00710F0F /* Resources */,
			);
			buildRules = (
			);
			dependencies = (
				D9E70AA71EE1BD4D00710F0F /* PBXTargetDependency */,
			);
			name = copycatUITests;
			productName = copycatUITests;
			productReference = D9E70AA51EE1BD4D00710F0F /* copycatUITests.xctest */;
			productType = "com.apple.product-type.bundle.ui-testing";
		};
/* End PBXNativeTarget section */

/* Begin PBXProject section */
		D9E70A7E1EE1BD4C00710F0F /* Project object */ = {
			isa = PBXProject;
			attributes = {
				LastSwiftUpdateCheck = 0830;
				LastUpgradeCheck = 0830;
				ORGANIZATIONNAME = "Austin Tucker";
				TargetAttributes = {
					D9E70A851EE1BD4C00710F0F = {
						CreatedOnToolsVersion = 8.3.2;
						DevelopmentTeam = ZVWGFCY28P;
						ProvisioningStyle = Automatic;
					};
					D9E70A991EE1BD4D00710F0F = {
						CreatedOnToolsVersion = 8.3.2;
						DevelopmentTeam = ZVWGFCY28P;
						ProvisioningStyle = Automatic;
						TestTargetID = D9E70A851EE1BD4C00710F0F;
					};
					D9E70AA41EE1BD4D00710F0F = {
						CreatedOnToolsVersion = 8.3.2;
						DevelopmentTeam = ZVWGFCY28P;
						ProvisioningStyle = Automatic;
						TestTargetID = D9E70A851EE1BD4C00710F0F;
					};
				};
			};
			buildConfigurationList = D9E70A811EE1BD4C00710F0F /* Build configuration list for PBXProject "copycat" */;
			compatibilityVersion = "Xcode 3.2";
			developmentRegion = English;
			hasScannedForEncodings = 0;
			knownRegions = (
				en,
				Base,
			);
			mainGroup = D9E70A7D1EE1BD4C00710F0F;
			productRefGroup = D9E70A871EE1BD4C00710F0F /* Products */;
			projectDirPath = "";
			projectRoot = "";
			targets = (
				D9E70A851EE1BD4C00710F0F /* copycat */,
				D9E70A991EE1BD4D00710F0F /* copycatTests */,
				D9E70AA41EE1BD4D00710F0F /* copycatUITests */,
			);
		};
/* End PBXProject section */

/* Begin PBXResourcesBuildPhase section */
		D9E70A841EE1BD4C00710F0F /* Resources */ = {
			isa = PBXResourcesBuildPhase;
			buildActionMask = 2147483647;
			files = (
				D935A1961EE5EC5D005DA24A /* Main.storyboard in Resources */,
				D935A19A1EE625C4005DA24A /* GoogleService-Info.plist in Resources */,
				D9E70A941EE1BD4D00710F0F /* LaunchScreen.storyboard in Resources */,
				D9E70A911EE1BD4D00710F0F /* Assets.xcassets in Resources */,
			);
			runOnlyForDeploymentPostprocessing = 0;
		};
		D9E70A981EE1BD4D00710F0F /* Resources */ = {
			isa = PBXResourcesBuildPhase;
			buildActionMask = 2147483647;
			files = (
			);
			runOnlyForDeploymentPostprocessing = 0;
		};
		D9E70AA31EE1BD4D00710F0F /* Resources */ = {
			isa = PBXResourcesBuildPhase;
			buildActionMask = 2147483647;
			files = (
			);
			runOnlyForDeploymentPostprocessing = 0;
		};
/* End PBXResourcesBuildPhase section */

/* Begin PBXShellScriptBuildPhase section */
		4D893031FEB2E8CD0B7C5E3B /* [CP] Embed Pods Frameworks */ = {
			isa = PBXShellScriptBuildPhase;
			buildActionMask = 2147483647;
			files = (
			);
			inputPaths = (
			);
			name = "[CP] Embed Pods Frameworks";
			outputPaths = (
			);
			runOnlyForDeploymentPostprocessing = 0;
			shellPath = /bin/sh;
			shellScript = "\"${SRCROOT}/Pods/Target Support Files/Pods-copycat/Pods-copycat-frameworks.sh\"\n";
			showEnvVarsInLog = 0;
		};
		93D985634DE4A431F8D24C0E /* [CP] Check Pods Manifest.lock */ = {
			isa = PBXShellScriptBuildPhase;
			buildActionMask = 2147483647;
			files = (
			);
			inputPaths = (
			);
			name = "[CP] Check Pods Manifest.lock";
			outputPaths = (
			);
			runOnlyForDeploymentPostprocessing = 0;
			shellPath = /bin/sh;
			shellScript = "diff \"${PODS_PODFILE_DIR_PATH}/Podfile.lock\" \"${PODS_ROOT}/Manifest.lock\" > /dev/null\nif [ $? != 0 ] ; then\n    # print error to STDERR\n    echo \"error: The sandbox is not in sync with the Podfile.lock. Run 'pod install' or update your CocoaPods installation.\" >&2\n    exit 1\nfi\n";
			showEnvVarsInLog = 0;
		};
		BD229916567CEA61413B3A50 /* [CP] Copy Pods Resources */ = {
			isa = PBXShellScriptBuildPhase;
			buildActionMask = 2147483647;
			files = (
			);
			inputPaths = (
			);
			name = "[CP] Copy Pods Resources";
			outputPaths = (
			);
			runOnlyForDeploymentPostprocessing = 0;
			shellPath = /bin/sh;
			shellScript = "\"${SRCROOT}/Pods/Target Support Files/Pods-copycat/Pods-copycat-resources.sh\"\n";
			showEnvVarsInLog = 0;
		};
		D935A1921EE5DE0C005DA24A /* ShellScript */ = {
			isa = PBXShellScriptBuildPhase;
			buildActionMask = 2147483647;
			files = (
			);
			inputPaths = (
			);
			outputPaths = (
			);
			runOnlyForDeploymentPostprocessing = 0;
			shellPath = /bin/sh;
			shellScript = "\"${PODS_ROOT}/Fabric/run\" 4d0df71d2a22cb2f4759ccfcf3f66855c5d4ea07 3ddbc0e7e574288759471742f1a2dc91162625a3e3e438537e906a2f9d442758";
		};
/* End PBXShellScriptBuildPhase section */

/* Begin PBXSourcesBuildPhase section */
		D9E70A821EE1BD4C00710F0F /* Sources */ = {
			isa = PBXSourcesBuildPhase;
			buildActionMask = 2147483647;
			files = (
				D93C20C01EE76F4B0039F303 /* FirebaseModel.swift in Sources */,
				D935A1941EE5E83C005DA24A /* LoginViewController.swift in Sources */,
				D93C20BC1EE662AE0039F303 /* CopyCatViewController.swift in Sources */,
				D96108321EE78F030066EABD /* ImagesCollectionViewController.swift in Sources */,
				D9E70AB81EE1E0B800710F0F /* LoadImageViewController.swift in Sources */,
				D9E70A8A1EE1BD4C00710F0F /* AppDelegate.swift in Sources */,
				D96108341EE87B370066EABD /* FirebaseViewModel.swift in Sources */,
			);
			runOnlyForDeploymentPostprocessing = 0;
		};
		D9E70A961EE1BD4D00710F0F /* Sources */ = {
			isa = PBXSourcesBuildPhase;
			buildActionMask = 2147483647;
			files = (
				D9E70A9F1EE1BD4D00710F0F /* copycatTests.swift in Sources */,
			);
			runOnlyForDeploymentPostprocessing = 0;
		};
		D9E70AA11EE1BD4D00710F0F /* Sources */ = {
			isa = PBXSourcesBuildPhase;
			buildActionMask = 2147483647;
			files = (
				D9E70AAA1EE1BD4D00710F0F /* copycatUITests.swift in Sources */,
			);
			runOnlyForDeploymentPostprocessing = 0;
		};
/* End PBXSourcesBuildPhase section */

/* Begin PBXTargetDependency section */
		D9E70A9C1EE1BD4D00710F0F /* PBXTargetDependency */ = {
			isa = PBXTargetDependency;
			target = D9E70A851EE1BD4C00710F0F /* copycat */;
			targetProxy = D9E70A9B1EE1BD4D00710F0F /* PBXContainerItemProxy */;
		};
		D9E70AA71EE1BD4D00710F0F /* PBXTargetDependency */ = {
			isa = PBXTargetDependency;
			target = D9E70A851EE1BD4C00710F0F /* copycat */;
			targetProxy = D9E70AA61EE1BD4D00710F0F /* PBXContainerItemProxy */;
		};
/* End PBXTargetDependency section */

/* Begin PBXVariantGroup section */
		D9E70A921EE1BD4D00710F0F /* LaunchScreen.storyboard */ = {
			isa = PBXVariantGroup;
			children = (
				D9E70A931EE1BD4D00710F0F /* Base */,
			);
			name = LaunchScreen.storyboard;
			sourceTree = "<group>";
		};
/* End PBXVariantGroup section */

/* Begin XCBuildConfiguration section */
		D9E70AAC1EE1BD4D00710F0F /* Debug */ = {
			isa = XCBuildConfiguration;
			buildSettings = {
				ALWAYS_SEARCH_USER_PATHS = NO;
				CLANG_ANALYZER_NONNULL = YES;
				CLANG_ANALYZER_NUMBER_OBJECT_CONVERSION = YES_AGGRESSIVE;
				CLANG_CXX_LANGUAGE_STANDARD = "gnu++0x";
				CLANG_CXX_LIBRARY = "libc++";
				CLANG_ENABLE_MODULES = YES;
				CLANG_ENABLE_OBJC_ARC = YES;
				CLANG_WARN_BOOL_CONVERSION = YES;
				CLANG_WARN_CONSTANT_CONVERSION = YES;
				CLANG_WARN_DIRECT_OBJC_ISA_USAGE = YES_ERROR;
				CLANG_WARN_DOCUMENTATION_COMMENTS = YES;
				CLANG_WARN_EMPTY_BODY = YES;
				CLANG_WARN_ENUM_CONVERSION = YES;
				CLANG_WARN_INFINITE_RECURSION = YES;
				CLANG_WARN_INT_CONVERSION = YES;
				CLANG_WARN_OBJC_ROOT_CLASS = YES_ERROR;
				CLANG_WARN_SUSPICIOUS_MOVE = YES;
				CLANG_WARN_UNREACHABLE_CODE = YES;
				CLANG_WARN__DUPLICATE_METHOD_MATCH = YES;
				"CODE_SIGN_IDENTITY[sdk=iphoneos*]" = "iPhone Developer";
				COPY_PHASE_STRIP = NO;
				DEBUG_INFORMATION_FORMAT = dwarf;
				ENABLE_STRICT_OBJC_MSGSEND = YES;
				ENABLE_TESTABILITY = YES;
				GCC_C_LANGUAGE_STANDARD = gnu99;
				GCC_DYNAMIC_NO_PIC = NO;
				GCC_NO_COMMON_BLOCKS = YES;
				GCC_OPTIMIZATION_LEVEL = 0;
				GCC_PREPROCESSOR_DEFINITIONS = (
					"DEBUG=1",
					"$(inherited)",
				);
				GCC_WARN_64_TO_32_BIT_CONVERSION = YES;
				GCC_WARN_ABOUT_RETURN_TYPE = YES_ERROR;
				GCC_WARN_UNDECLARED_SELECTOR = YES;
				GCC_WARN_UNINITIALIZED_AUTOS = YES_AGGRESSIVE;
				GCC_WARN_UNUSED_FUNCTION = YES;
				GCC_WARN_UNUSED_VARIABLE = YES;
				IPHONEOS_DEPLOYMENT_TARGET = 10.3;
				MTL_ENABLE_DEBUG_INFO = YES;
				ONLY_ACTIVE_ARCH = YES;
				SDKROOT = iphoneos;
				SWIFT_ACTIVE_COMPILATION_CONDITIONS = DEBUG;
				SWIFT_OPTIMIZATION_LEVEL = "-Onone";
				TARGETED_DEVICE_FAMILY = "1,2";
			};
			name = Debug;
		};
		D9E70AAD1EE1BD4D00710F0F /* Release */ = {
			isa = XCBuildConfiguration;
			buildSettings = {
				ALWAYS_SEARCH_USER_PATHS = NO;
				CLANG_ANALYZER_NONNULL = YES;
				CLANG_ANALYZER_NUMBER_OBJECT_CONVERSION = YES_AGGRESSIVE;
				CLANG_CXX_LANGUAGE_STANDARD = "gnu++0x";
				CLANG_CXX_LIBRARY = "libc++";
				CLANG_ENABLE_MODULES = YES;
				CLANG_ENABLE_OBJC_ARC = YES;
				CLANG_WARN_BOOL_CONVERSION = YES;
				CLANG_WARN_CONSTANT_CONVERSION = YES;
				CLANG_WARN_DIRECT_OBJC_ISA_USAGE = YES_ERROR;
				CLANG_WARN_DOCUMENTATION_COMMENTS = YES;
				CLANG_WARN_EMPTY_BODY = YES;
				CLANG_WARN_ENUM_CONVERSION = YES;
				CLANG_WARN_INFINITE_RECURSION = YES;
				CLANG_WARN_INT_CONVERSION = YES;
				CLANG_WARN_OBJC_ROOT_CLASS = YES_ERROR;
				CLANG_WARN_SUSPICIOUS_MOVE = YES;
				CLANG_WARN_UNREACHABLE_CODE = YES;
				CLANG_WARN__DUPLICATE_METHOD_MATCH = YES;
				"CODE_SIGN_IDENTITY[sdk=iphoneos*]" = "iPhone Developer";
				COPY_PHASE_STRIP = NO;
				DEBUG_INFORMATION_FORMAT = "dwarf-with-dsym";
				ENABLE_NS_ASSERTIONS = NO;
				ENABLE_STRICT_OBJC_MSGSEND = YES;
				GCC_C_LANGUAGE_STANDARD = gnu99;
				GCC_NO_COMMON_BLOCKS = YES;
				GCC_WARN_64_TO_32_BIT_CONVERSION = YES;
				GCC_WARN_ABOUT_RETURN_TYPE = YES_ERROR;
				GCC_WARN_UNDECLARED_SELECTOR = YES;
				GCC_WARN_UNINITIALIZED_AUTOS = YES_AGGRESSIVE;
				GCC_WARN_UNUSED_FUNCTION = YES;
				GCC_WARN_UNUSED_VARIABLE = YES;
				IPHONEOS_DEPLOYMENT_TARGET = 10.3;
				MTL_ENABLE_DEBUG_INFO = NO;
				SDKROOT = iphoneos;
				SWIFT_OPTIMIZATION_LEVEL = "-Owholemodule";
				TARGETED_DEVICE_FAMILY = "1,2";
				VALIDATE_PRODUCT = YES;
			};
			name = Release;
		};
		D9E70AAF1EE1BD4D00710F0F /* Debug */ = {
			isa = XCBuildConfiguration;
			baseConfigurationReference = 4C8FE24DC4B36A1E4C0E1E15 /* Pods-copycat.debug.xcconfig */;
			buildSettings = {
				ASSETCATALOG_COMPILER_APPICON_NAME = AppIcon;
				DEBUG_INFORMATION_FORMAT = "dwarf-with-dsym";
				DEVELOPMENT_TEAM = ZVWGFCY28P;
				INFOPLIST_FILE = copycat/Info.plist;
				LD_RUNPATH_SEARCH_PATHS = "$(inherited) @executable_path/Frameworks";
				PRODUCT_BUNDLE_IDENTIFIER = com.austintucker.copycat;
				PRODUCT_NAME = "$(TARGET_NAME)";
				SWIFT_VERSION = 3.0;
			};
			name = Debug;
		};
		D9E70AB01EE1BD4D00710F0F /* Release */ = {
			isa = XCBuildConfiguration;
			baseConfigurationReference = DFD682778199792E40182BEC /* Pods-copycat.release.xcconfig */;
			buildSettings = {
				ASSETCATALOG_COMPILER_APPICON_NAME = AppIcon;
				DEVELOPMENT_TEAM = ZVWGFCY28P;
				INFOPLIST_FILE = copycat/Info.plist;
				LD_RUNPATH_SEARCH_PATHS = "$(inherited) @executable_path/Frameworks";
				PRODUCT_BUNDLE_IDENTIFIER = com.austintucker.copycat;
				PRODUCT_NAME = "$(TARGET_NAME)";
				SWIFT_VERSION = 3.0;
			};
			name = Release;
		};
		D9E70AB21EE1BD4D00710F0F /* Debug */ = {
			isa = XCBuildConfiguration;
			buildSettings = {
				ALWAYS_EMBED_SWIFT_STANDARD_LIBRARIES = YES;
				BUNDLE_LOADER = "$(TEST_HOST)";
				DEVELOPMENT_TEAM = ZVWGFCY28P;
				INFOPLIST_FILE = copycatTests/Info.plist;
				LD_RUNPATH_SEARCH_PATHS = "$(inherited) @executable_path/Frameworks @loader_path/Frameworks";
				PRODUCT_BUNDLE_IDENTIFIER = com.austintucker.copycatTests;
				PRODUCT_NAME = "$(TARGET_NAME)";
				SWIFT_VERSION = 3.0;
				TEST_HOST = "$(BUILT_PRODUCTS_DIR)/copycat.app/copycat";
			};
			name = Debug;
		};
		D9E70AB31EE1BD4D00710F0F /* Release */ = {
			isa = XCBuildConfiguration;
			buildSettings = {
				ALWAYS_EMBED_SWIFT_STANDARD_LIBRARIES = YES;
				BUNDLE_LOADER = "$(TEST_HOST)";
				DEVELOPMENT_TEAM = ZVWGFCY28P;
				INFOPLIST_FILE = copycatTests/Info.plist;
				LD_RUNPATH_SEARCH_PATHS = "$(inherited) @executable_path/Frameworks @loader_path/Frameworks";
				PRODUCT_BUNDLE_IDENTIFIER = com.austintucker.copycatTests;
				PRODUCT_NAME = "$(TARGET_NAME)";
				SWIFT_VERSION = 3.0;
				TEST_HOST = "$(BUILT_PRODUCTS_DIR)/copycat.app/copycat";
			};
			name = Release;
		};
		D9E70AB51EE1BD4D00710F0F /* Debug */ = {
			isa = XCBuildConfiguration;
			buildSettings = {
				ALWAYS_EMBED_SWIFT_STANDARD_LIBRARIES = YES;
				DEVELOPMENT_TEAM = ZVWGFCY28P;
				INFOPLIST_FILE = copycatUITests/Info.plist;
				LD_RUNPATH_SEARCH_PATHS = "$(inherited) @executable_path/Frameworks @loader_path/Frameworks";
				PRODUCT_BUNDLE_IDENTIFIER = com.austintucker.copycatUITests;
				PRODUCT_NAME = "$(TARGET_NAME)";
				SWIFT_VERSION = 3.0;
				TEST_TARGET_NAME = copycat;
			};
			name = Debug;
		};
		D9E70AB61EE1BD4D00710F0F /* Release */ = {
			isa = XCBuildConfiguration;
			buildSettings = {
				ALWAYS_EMBED_SWIFT_STANDARD_LIBRARIES = YES;
				DEVELOPMENT_TEAM = ZVWGFCY28P;
				INFOPLIST_FILE = copycatUITests/Info.plist;
				LD_RUNPATH_SEARCH_PATHS = "$(inherited) @executable_path/Frameworks @loader_path/Frameworks";
				PRODUCT_BUNDLE_IDENTIFIER = com.austintucker.copycatUITests;
				PRODUCT_NAME = "$(TARGET_NAME)";
				SWIFT_VERSION = 3.0;
				TEST_TARGET_NAME = copycat;
			};
			name = Release;
		};
/* End XCBuildConfiguration section */

/* Begin XCConfigurationList section */
		D9E70A811EE1BD4C00710F0F /* Build configuration list for PBXProject "copycat" */ = {
			isa = XCConfigurationList;
			buildConfigurations = (
				D9E70AAC1EE1BD4D00710F0F /* Debug */,
				D9E70AAD1EE1BD4D00710F0F /* Release */,
			);
			defaultConfigurationIsVisible = 0;
			defaultConfigurationName = Release;
		};
		D9E70AAE1EE1BD4D00710F0F /* Build configuration list for PBXNativeTarget "copycat" */ = {
			isa = XCConfigurationList;
			buildConfigurations = (
				D9E70AAF1EE1BD4D00710F0F /* Debug */,
				D9E70AB01EE1BD4D00710F0F /* Release */,
			);
			defaultConfigurationIsVisible = 0;
			defaultConfigurationName = Release;
		};
		D9E70AB11EE1BD4D00710F0F /* Build configuration list for PBXNativeTarget "copycatTests" */ = {
			isa = XCConfigurationList;
			buildConfigurations = (
				D9E70AB21EE1BD4D00710F0F /* Debug */,
				D9E70AB31EE1BD4D00710F0F /* Release */,
			);
			defaultConfigurationIsVisible = 0;
			defaultConfigurationName = Release;
		};
		D9E70AB41EE1BD4D00710F0F /* Build configuration list for PBXNativeTarget "copycatUITests" */ = {
			isa = XCConfigurationList;
			buildConfigurations = (
				D9E70AB51EE1BD4D00710F0F /* Debug */,
				D9E70AB61EE1BD4D00710F0F /* Release */,
			);
			defaultConfigurationIsVisible = 0;
			defaultConfigurationName = Release;
		};
/* End XCConfigurationList section */
	};
	rootObject = D9E70A7E1EE1BD4C00710F0F /* Project object */;
}
